
Microsoft Visual Studio Solution File, Format Version 12.00
# Visual Studio Version 16
VisualStudioVersion = 16.0.28803.452
MinimumVisualStudioVersion = 10.0.40219.1
Project("{9A19103F-16F7-4668-BE54-9A1E7A4F7556}") = "BudgetPlanner", "BudgetPlanner.csproj", "{B810094F-5B7B-48AF-8518-BB0844C7098D}"
EndProject
Global
	GlobalSection(SolutionConfigurationPlatforms) = preSolution
		Debug|Any CPU = Debug|Any CPU
		Release|Any CPU = Release|Any CPU
	EndGlobalSection
	GlobalSection(ProjectConfigurationPlatforms) = postSolution
		{B810094F-5B7B-48AF-8518-BB0844C7098D}.Debug|Any CPU.ActiveCfg = Debug|Any CPU
		{B810094F-5B7B-48AF-8518-BB0844C7098D}.Debug|Any CPU.Build.0 = Debug|Any CPU
		{B810094F-5B7B-48AF-8518-BB0844C7098D}.Release|Any CPU.ActiveCfg = Release|Any CPU
		{B810094F-5B7B-48AF-8518-BB0844C7098D}.Release|Any CPU.Build.0 = Release|Any CPU
	EndGlobalSection
	GlobalSection(SolutionProperties) = preSolution
		HideSolutionNode = FALSE
	EndGlobalSection
	GlobalSection(ExtensibilityGlobals) = postSolution
		SolutionGuid = {B578FC17-04CC-474A-92CE-1143ACD91B7E}
	EndGlobalSection
EndGlobal
